// !$*UTF8*$!
{
	archiveVersion = 1;
	classes = {
	};
	objectVersion = 47;
	objects = {

/* Begin PBXBuildFile section */
		569EA1371FC195C500A7C8B8 /* AppDelegate.m in Sources */ = {isa = PBXBuildFile; fileRef = 569EA1361FC195C500A7C8B8 /* AppDelegate.m */; };
		569EA13A1FC195C500A7C8B8 /* ViewController.m in Sources */ = {isa = PBXBuildFile; fileRef = 569EA1391FC195C500A7C8B8 /* ViewController.m */; };
		569EA13D1FC195C500A7C8B8 /* Main.storyboard in Resources */ = {isa = PBXBuildFile; fileRef = 569EA13B1FC195C500A7C8B8 /* Main.storyboard */; };
		569EA13F1FC195C500A7C8B8 /* Assets.xcassets in Resources */ = {isa = PBXBuildFile; fileRef = 569EA13E1FC195C500A7C8B8 /* Assets.xcassets */; };
		569EA1421FC195C500A7C8B8 /* LaunchScreen.storyboard in Resources */ = {isa = PBXBuildFile; fileRef = 569EA1401FC195C500A7C8B8 /* LaunchScreen.storyboard */; };
		569EA1451FC195C500A7C8B8 /* main.m in Sources */ = {isa = PBXBuildFile; fileRef = 569EA1441FC195C500A7C8B8 /* main.m */; };
		569EA14F1FC195C500A7C8B8 /* thirdIOSAppTests.m in Sources */ = {isa = PBXBuildFile; fileRef = 569EA14E1FC195C500A7C8B8 /* thirdIOSAppTests.m */; };
		569EA15A1FC195C500A7C8B8 /* thirdIOSAppUITests.m in Sources */ = {isa = PBXBuildFile; fileRef = 569EA1591FC195C500A7C8B8 /* thirdIOSAppUITests.m */; };
		569EA16F1FC19F7500A7C8B8 /* Localizable.strings in Resources */ = {isa = PBXBuildFile; fileRef = 569EA1711FC19F7500A7C8B8 /* Localizable.strings */; };
/* End PBXBuildFile section */

/* Begin PBXContainerItemProxy section */
		569EA14B1FC195C500A7C8B8 /* PBXContainerItemProxy */ = {
			isa = PBXContainerItemProxy;
			containerPortal = 569EA12A1FC195C500A7C8B8 /* Project object */;
			proxyType = 1;
			remoteGlobalIDString = 569EA1311FC195C500A7C8B8;
			remoteInfo = thirdIOSApp;
		};
		569EA1561FC195C500A7C8B8 /* PBXContainerItemProxy */ = {
			isa = PBXContainerItemProxy;
			containerPortal = 569EA12A1FC195C500A7C8B8 /* Project object */;
			proxyType = 1;
			remoteGlobalIDString = 569EA1311FC195C500A7C8B8;
			remoteInfo = thirdIOSApp;
		};
/* End PBXContainerItemProxy section */

/* Begin PBXFileReference section */
		569EA1321FC195C500A7C8B8 /* thirdIOSApp.app */ = {isa = PBXFileReference; explicitFileType = wrapper.application; includeInIndex = 0; path = thirdIOSApp.app; sourceTree = BUILT_PRODUCTS_DIR; };
		569EA1351FC195C500A7C8B8 /* AppDelegate.h */ = {isa = PBXFileReference; lastKnownFileType = sourcecode.c.h; path = AppDelegate.h; sourceTree = "<group>"; };
		569EA1361FC195C500A7C8B8 /* AppDelegate.m */ = {isa = PBXFileReference; lastKnownFileType = sourcecode.c.objc; path = AppDelegate.m; sourceTree = "<group>"; };
		569EA1381FC195C500A7C8B8 /* ViewController.h */ = {isa = PBXFileReference; lastKnownFileType = sourcecode.c.h; path = ViewController.h; sourceTree = "<group>"; };
		569EA1391FC195C500A7C8B8 /* ViewController.m */ = {isa = PBXFileReference; lastKnownFileType = sourcecode.c.objc; path = ViewController.m; sourceTree = "<group>"; };
		569EA13C1FC195C500A7C8B8 /* Base */ = {isa = PBXFileReference; lastKnownFileType = file.storyboard; name = Base; path = Base.lproj/Main.storyboard; sourceTree = "<group>"; };
		569EA13E1FC195C500A7C8B8 /* Assets.xcassets */ = {isa = PBXFileReference; lastKnownFileType = folder.assetcatalog; path = Assets.xcassets; sourceTree = "<group>"; };
		569EA1411FC195C500A7C8B8 /* Base */ = {isa = PBXFileReference; lastKnownFileType = file.storyboard; name = Base; path = Base.lproj/LaunchScreen.storyboard; sourceTree = "<group>"; };
		569EA1431FC195C500A7C8B8 /* Info.plist */ = {isa = PBXFileReference; lastKnownFileType = text.plist.xml; path = Info.plist; sourceTree = "<group>"; };
		569EA1441FC195C500A7C8B8 /* main.m */ = {isa = PBXFileReference; lastKnownFileType = sourcecode.c.objc; path = main.m; sourceTree = "<group>"; };
		569EA14A1FC195C500A7C8B8 /* thirdIOSAppTests.xctest */ = {isa = PBXFileReference; explicitFileType = wrapper.cfbundle; includeInIndex = 0; path = thirdIOSAppTests.xctest; sourceTree = BUILT_PRODUCTS_DIR; };
		569EA14E1FC195C500A7C8B8 /* thirdIOSAppTests.m */ = {isa = PBXFileReference; lastKnownFileType = sourcecode.c.objc; path = thirdIOSAppTests.m; sourceTree = "<group>"; };
		569EA1501FC195C500A7C8B8 /* Info.plist */ = {isa = PBXFileReference; lastKnownFileType = text.plist.xml; path = Info.plist; sourceTree = "<group>"; };
		569EA1551FC195C500A7C8B8 /* thirdIOSAppUITests.xctest */ = {isa = PBXFileReference; explicitFileType = wrapper.cfbundle; includeInIndex = 0; path = thirdIOSAppUITests.xctest; sourceTree = BUILT_PRODUCTS_DIR; };
		569EA1591FC195C500A7C8B8 /* thirdIOSAppUITests.m */ = {isa = PBXFileReference; lastKnownFileType = sourcecode.c.objc; path = thirdIOSAppUITests.m; sourceTree = "<group>"; };
		569EA15B1FC195C500A7C8B8 /* Info.plist */ = {isa = PBXFileReference; lastKnownFileType = text.plist.xml; path = Info.plist; sourceTree = "<group>"; };
		569EA16D1FC19F5300A7C8B8 /* pl */ = {isa = PBXFileReference; lastKnownFileType = text.plist.strings; name = pl; path = pl.lproj/Main.strings; sourceTree = "<group>"; };
		569EA16E1FC19F5300A7C8B8 /* pl */ = {isa = PBXFileReference; lastKnownFileType = text.plist.strings; name = pl; path = pl.lproj/LaunchScreen.strings; sourceTree = "<group>"; };
		569EA1701FC19F7500A7C8B8 /* en */ = {isa = PBXFileReference; lastKnownFileType = text.plist.strings; name = en; path = en.lproj/Localizable.strings; sourceTree = "<group>"; };
		569EA1721FC19F9000A7C8B8 /* pl */ = {isa = PBXFileReference; lastKnownFileType = text.plist.strings; name = pl; path = pl.lproj/Localizable.strings; sourceTree = "<group>"; };
/* End PBXFileReference section */

/* Begin PBXFrameworksBuildPhase section */
		569EA12F1FC195C500A7C8B8 /* Frameworks */ = {
			isa = PBXFrameworksBuildPhase;
			buildActionMask = 2147483647;
			files = (
			);
			runOnlyForDeploymentPostprocessing = 0;
		};
		569EA1471FC195C500A7C8B8 /* Frameworks */ = {
			isa = PBXFrameworksBuildPhase;
			buildActionMask = 2147483647;
			files = (
			);
			runOnlyForDeploymentPostprocessing = 0;
		};
		569EA1521FC195C500A7C8B8 /* Frameworks */ = {
			isa = PBXFrameworksBuildPhase;
			buildActionMask = 2147483647;
			files = (
			);
			runOnlyForDeploymentPostprocessing = 0;
		};
/* End PBXFrameworksBuildPhase section */

/* Begin PBXGroup section */
		569EA1291FC195C500A7C8B8 = {
			isa = PBXGroup;
			children = (
				569EA1341FC195C500A7C8B8 /* thirdIOSApp */,
				569EA14D1FC195C500A7C8B8 /* thirdIOSAppTests */,
				569EA1581FC195C500A7C8B8 /* thirdIOSAppUITests */,
				569EA1331FC195C500A7C8B8 /* Products */,
			);
			sourceTree = "<group>";
		};
		569EA1331FC195C500A7C8B8 /* Products */ = {
			isa = PBXGroup;
			children = (
				569EA1321FC195C500A7C8B8 /* thirdIOSApp.app */,
				569EA14A1FC195C500A7C8B8 /* thirdIOSAppTests.xctest */,
				569EA1551FC195C500A7C8B8 /* thirdIOSAppUITests.xctest */,
			);
			name = Products;
			sourceTree = "<group>";
		};
		569EA1341FC195C500A7C8B8 /* thirdIOSApp */ = {
			isa = PBXGroup;
			children = (
				569EA1711FC19F7500A7C8B8 /* Localizable.strings */,
				569EA1351FC195C500A7C8B8 /* AppDelegate.h */,
				569EA1361FC195C500A7C8B8 /* AppDelegate.m */,
				569EA1381FC195C500A7C8B8 /* ViewController.h */,
				569EA1391FC195C500A7C8B8 /* ViewController.m */,
				569EA13B1FC195C500A7C8B8 /* Main.storyboard */,
				569EA13E1FC195C500A7C8B8 /* Assets.xcassets */,
				569EA1401FC195C500A7C8B8 /* LaunchScreen.storyboard */,
				569EA1431FC195C500A7C8B8 /* Info.plist */,
				569EA1441FC195C500A7C8B8 /* main.m */,
			);
			path = thirdIOSApp;
			sourceTree = "<group>";
		};
		569EA14D1FC195C500A7C8B8 /* thirdIOSAppTests */ = {
			isa = PBXGroup;
			children = (
				569EA14E1FC195C500A7C8B8 /* thirdIOSAppTests.m */,
				569EA1501FC195C500A7C8B8 /* Info.plist */,
			);
			path = thirdIOSAppTests;
			sourceTree = "<group>";
		};
		569EA1581FC195C500A7C8B8 /* thirdIOSAppUITests */ = {
			isa = PBXGroup;
			children = (
				569EA1591FC195C500A7C8B8 /* thirdIOSAppUITests.m */,
				569EA15B1FC195C500A7C8B8 /* Info.plist */,
			);
			path = thirdIOSAppUITests;
			sourceTree = "<group>";
		};
/* End PBXGroup section */

/* Begin PBXNativeTarget section */
		569EA1311FC195C500A7C8B8 /* thirdIOSApp */ = {
			isa = PBXNativeTarget;
			buildConfigurationList = 569EA15E1FC195C500A7C8B8 /* Build configuration list for PBXNativeTarget "thirdIOSApp" */;
			buildPhases = (
				569EA12E1FC195C500A7C8B8 /* Sources */,
				569EA12F1FC195C500A7C8B8 /* Frameworks */,
				569EA1301FC195C500A7C8B8 /* Resources */,
			);
			buildRules = (
			);
			dependencies = (
			);
			name = thirdIOSApp;
			productName = thirdIOSApp;
			productReference = 569EA1321FC195C500A7C8B8 /* thirdIOSApp.app */;
			productType = "com.apple.product-type.application";
		};
		569EA1491FC195C500A7C8B8 /* thirdIOSAppTests */ = {
			isa = PBXNativeTarget;
			buildConfigurationList = 569EA1611FC195C500A7C8B8 /* Build configuration list for PBXNativeTarget "thirdIOSAppTests" */;
			buildPhases = (
				569EA1461FC195C500A7C8B8 /* Sources */,
				569EA1471FC195C500A7C8B8 /* Frameworks */,
				569EA1481FC195C500A7C8B8 /* Resources */,
			);
			buildRules = (
			);
			dependencies = (
				569EA14C1FC195C500A7C8B8 /* PBXTargetDependency */,
			);
			name = thirdIOSAppTests;
			productName = thirdIOSAppTests;
			productReference = 569EA14A1FC195C500A7C8B8 /* thirdIOSAppTests.xctest */;
			productType = "com.apple.product-type.bundle.unit-test";
		};
		569EA1541FC195C500A7C8B8 /* thirdIOSAppUITests */ = {
			isa = PBXNativeTarget;
			buildConfigurationList = 569EA1641FC195C500A7C8B8 /* Build configuration list for PBXNativeTarget "thirdIOSAppUITests" */;
			buildPhases = (
				569EA1511FC195C500A7C8B8 /* Sources */,
				569EA1521FC195C500A7C8B8 /* Frameworks */,
				569EA1531FC195C500A7C8B8 /* Resources */,
			);
			buildRules = (
			);
			dependencies = (
				569EA1571FC195C500A7C8B8 /* PBXTargetDependency */,
			);
			name = thirdIOSAppUITests;
			productName = thirdIOSAppUITests;
			productReference = 569EA1551FC195C500A7C8B8 /* thirdIOSAppUITests.xctest */;
			productType = "com.apple.product-type.bundle.ui-testing";
		};
/* End PBXNativeTarget section */

/* Begin PBXProject section */
		569EA12A1FC195C500A7C8B8 /* Project object */ = {
			isa = PBXProject;
			attributes = {
				KnownAssetTags = (
					New,
				);
				LastUpgradeCheck = 0900;
				ORGANIZATIONNAME = qwerty123456;
				TargetAttributes = {
					569EA1311FC195C500A7C8B8 = {
						CreatedOnToolsVersion = 9.0.1;
						ProvisioningStyle = Automatic;
					};
					569EA1491FC195C500A7C8B8 = {
						CreatedOnToolsVersion = 9.0.1;
						ProvisioningStyle = Automatic;
						TestTargetID = 569EA1311FC195C500A7C8B8;
					};
					569EA1541FC195C500A7C8B8 = {
						CreatedOnToolsVersion = 9.0.1;
						ProvisioningStyle = Automatic;
						TestTargetID = 569EA1311FC195C500A7C8B8;
					};
				};
			};
			buildConfigurationList = 569EA12D1FC195C500A7C8B8 /* Build configuration list for PBXProject "thirdIOSApp" */;
			compatibilityVersion = "Xcode 6.3";
			developmentRegion = en;
			hasScannedForEncodings = 0;
			knownRegions = (
				en,
				Base,
				pl,
			);
			mainGroup = 569EA1291FC195C500A7C8B8;
			productRefGroup = 569EA1331FC195C500A7C8B8 /* Products */;
			projectDirPath = "";
			projectRoot = "";
			targets = (
				569EA1311FC195C500A7C8B8 /* thirdIOSApp */,
				569EA1491FC195C500A7C8B8 /* thirdIOSAppTests */,
				569EA1541FC195C500A7C8B8 /* thirdIOSAppUITests */,
			);
		};
/* End PBXProject section */

/* Begin PBXResourcesBuildPhase section */
		569EA1301FC195C500A7C8B8 /* Resources */ = {
			isa = PBXResourcesBuildPhase;
			buildActionMask = 2147483647;
			files = (
				569EA1421FC195C500A7C8B8 /* LaunchScreen.storyboard in Resources */,
				569EA16F1FC19F7500A7C8B8 /* Localizable.strings in Resources */,
				569EA13F1FC195C500A7C8B8 /* Assets.xcassets in Resources */,
				569EA13D1FC195C500A7C8B8 /* Main.storyboard in Resources */,
			);
			runOnlyForDeploymentPostprocessing = 0;
		};
		569EA1481FC195C500A7C8B8 /* Resources */ = {
			isa = PBXResourcesBuildPhase;
			buildActionMask = 2147483647;
			files = (
			);
			runOnlyForDeploymentPostprocessing = 0;
		};
		569EA1531FC195C500A7C8B8 /* Resources */ = {
			isa = PBXResourcesBuildPhase;
			buildActionMask = 2147483647;
			files = (
			);
			runOnlyForDeploymentPostprocessing = 0;
		};
/* End PBXResourcesBuildPhase section */

/* Begin PBXSourcesBuildPhase section */
		569EA12E1FC195C500A7C8B8 /* Sources */ = {
			isa = PBXSourcesBuildPhase;
			buildActionMask = 2147483647;
			files = (
				569EA13A1FC195C500A7C8B8 /* ViewController.m in Sources */,
				569EA1451FC195C500A7C8B8 /* main.m in Sources */,
				569EA1371FC195C500A7C8B8 /* AppDelegate.m in Sources */,
			);
			runOnlyForDeploymentPostprocessing = 0;
		};
		569EA1461FC195C500A7C8B8 /* Sources */ = {
			isa = PBXSourcesBuildPhase;
			buildActionMask = 2147483647;
			files = (
				569EA14F1FC195C500A7C8B8 /* thirdIOSAppTests.m in Sources */,
			);
			runOnlyForDeploymentPostprocessing = 0;
		};
		569EA1511FC195C500A7C8B8 /* Sources */ = {
			isa = PBXSourcesBuildPhase;
			buildActionMask = 2147483647;
			files = (
				569EA15A1FC195C500A7C8B8 /* thirdIOSAppUITests.m in Sources */,
			);
			runOnlyForDeploymentPostprocessing = 0;
		};
/* End PBXSourcesBuildPhase section */

/* Begin PBXTargetDependency section */
		569EA14C1FC195C500A7C8B8 /* PBXTargetDependency */ = {
			isa = PBXTargetDependency;
			target = 569EA1311FC195C500A7C8B8 /* thirdIOSApp */;
			targetProxy = 569EA14B1FC195C500A7C8B8 /* PBXContainerItemProxy */;
		};
		569EA1571FC195C500A7C8B8 /* PBXTargetDependency */ = {
			isa = PBXTargetDependency;
			target = 569EA1311FC195C500A7C8B8 /* thirdIOSApp */;
			targetProxy = 569EA1561FC195C500A7C8B8 /* PBXContainerItemProxy */;
		};
/* End PBXTargetDependency section */

/* Begin PBXVariantGroup section */
		569EA13B1FC195C500A7C8B8 /* Main.storyboard */ = {
			isa = PBXVariantGroup;
			children = (
				569EA13C1FC195C500A7C8B8 /* Base */,
				569EA16D1FC19F5300A7C8B8 /* pl */,
			);
			name = Main.storyboard;
			sourceTree = "<group>";
		};
		569EA1401FC195C500A7C8B8 /* LaunchScreen.storyboard */ = {
			isa = PBXVariantGroup;
			children = (
				569EA1411FC195C500A7C8B8 /* Base */,
				569EA16E1FC19F5300A7C8B8 /* pl */,
			);
			name = LaunchScreen.storyboard;
			sourceTree = "<group>";
		};
		569EA1711FC19F7500A7C8B8 /* Localizable.strings */ = {
			isa = PBXVariantGroup;
			children = (
				569EA1701FC19F7500A7C8B8 /* en */,
				569EA1721FC19F9000A7C8B8 /* pl */,
			);
			name = Localizable.strings;
			sourceTree = "<group>";
		};
/* End PBXVariantGroup section */

/* Begin XCBuildConfiguration section */
		569EA15C1FC195C500A7C8B8 /* Debug */ = {
			isa = XCBuildConfiguration;
			buildSettings = {
				ALWAYS_SEARCH_USER_PATHS = NO;
				CLANG_ANALYZER_LOCALIZABILITY_NONLOCALIZED = YES;
				CLANG_ANALYZER_NONNULL = YES;
				CLANG_ANALYZER_NUMBER_OBJECT_CONVERSION = YES_AGGRESSIVE;
				CLANG_CXX_LANGUAGE_STANDARD = "gnu++14";
				CLANG_CXX_LIBRARY = "libc++";
				CLANG_ENABLE_MODULES = YES;
				CLANG_ENABLE_OBJC_ARC = YES;
				CLANG_WARN_BLOCK_CAPTURE_AUTORELEASING = YES;
				CLANG_WARN_BOOL_CONVERSION = YES;
				CLANG_WARN_COMMA = YES;
				CLANG_WARN_CONSTANT_CONVERSION = YES;
				CLANG_WARN_DIRECT_OBJC_ISA_USAGE = YES_ERROR;
				CLANG_WARN_DOCUMENTATION_COMMENTS = YES;
				CLANG_WARN_EMPTY_BODY = YES;
				CLANG_WARN_ENUM_CONVERSION = YES;
				CLANG_WARN_INFINITE_RECURSION = YES;
				CLANG_WARN_INT_CONVERSION = YES;
				CLANG_WARN_NON_LITERAL_NULL_CONVERSION = YES;
				CLANG_WARN_OBJC_LITERAL_CONVERSION = YES;
				CLANG_WARN_OBJC_ROOT_CLASS = YES_ERROR;
				CLANG_WARN_RANGE_LOOP_ANALYSIS = YES;
				CLANG_WARN_STRICT_PROTOTYPES = YES;
				CLANG_WARN_SUSPICIOUS_MOVE = YES;
				CLANG_WARN_UNGUARDED_AVAILABILITY = YES_AGGRESSIVE;
				CLANG_WARN_UNREACHABLE_CODE = YES;
				CLANG_WARN__DUPLICATE_METHOD_MATCH = YES;
				CODE_SIGN_IDENTITY = "iPhone Developer";
				COPY_PHASE_STRIP = NO;
				DEBUG_INFORMATION_FORMAT = dwarf;
				ENABLE_STRICT_OBJC_MSGSEND = YES;
				ENABLE_TESTABILITY = YES;
				GCC_C_LANGUAGE_STANDARD = gnu11;
				GCC_DYNAMIC_NO_PIC = NO;
				GCC_NO_COMMON_BLOCKS = YES;
				GCC_OPTIMIZATION_LEVEL = 0;
				GCC_PREPROCESSOR_DEFINITIONS = (
					"DEBUG=1",
					"$(inherited)",
				);
				GCC_WARN_64_TO_32_BIT_CONVERSION = YES;
				GCC_WARN_ABOUT_RETURN_TYPE = YES_ERROR;
				GCC_WARN_UNDECLARED_SELECTOR = YES;
				GCC_WARN_UNINITIALIZED_AUTOS = YES_AGGRESSIVE;
				GCC_WARN_UNUSED_FUNCTION = YES;
				GCC_WARN_UNUSED_VARIABLE = YES;
				IPHONEOS_DEPLOYMENT_TARGET = 11.0;
				MTL_ENABLE_DEBUG_INFO = YES;
				ONLY_ACTIVE_ARCH = YES;
				SDKROOT = iphoneos;
			};
			name = Debug;
		};
		569EA15D1FC195C500A7C8B8 /* Release */ = {
			isa = XCBuildConfiguration;
			buildSettings = {
				ALWAYS_SEARCH_USER_PATHS = NO;
				CLANG_ANALYZER_LOCALIZABILITY_NONLOCALIZED = YES;
				CLANG_ANALYZER_NONNULL = YES;
				CLANG_ANALYZER_NUMBER_OBJECT_CONVERSION = YES_AGGRESSIVE;
				CLANG_CXX_LANGUAGE_STANDARD = "gnu++14";
				CLANG_CXX_LIBRARY = "libc++";
				CLANG_ENABLE_MODULES = YES;
				CLANG_ENABLE_OBJC_ARC = YES;
				CLANG_WARN_BLOCK_CAPTURE_AUTORELEASING = YES;
				CLANG_WARN_BOOL_CONVERSION = YES;
				CLANG_WARN_COMMA = YES;
				CLANG_WARN_CONSTANT_CONVERSION = YES;
				CLANG_WARN_DIRECT_OBJC_ISA_USAGE = YES_ERROR;
				CLANG_WARN_DOCUMENTATION_COMMENTS = YES;
				CLANG_WARN_EMPTY_BODY = YES;
				CLANG_WARN_ENUM_CONVERSION = YES;
				CLANG_WARN_INFINITE_RECURSION = YES;
				CLANG_WARN_INT_CONVERSION = YES;
				CLANG_WARN_NON_LITERAL_NULL_CONVERSION = YES;
				CLANG_WARN_OBJC_LITERAL_CONVERSION = YES;
				CLANG_WARN_OBJC_ROOT_CLASS = YES_ERROR;
				CLANG_WARN_RANGE_LOOP_ANALYSIS = YES;
				CLANG_WARN_STRICT_PROTOTYPES = YES;
				CLANG_WARN_SUSPICIOUS_MOVE = YES;
				CLANG_WARN_UNGUARDED_AVAILABILITY = YES_AGGRESSIVE;
				CLANG_WARN_UNREACHABLE_CODE = YES;
				CLANG_WARN__DUPLICATE_METHOD_MATCH = YES;
				CODE_SIGN_IDENTITY = "iPhone Developer";
				COPY_PHASE_STRIP = NO;
				DEBUG_INFORMATION_FORMAT = "dwarf-with-dsym";
				ENABLE_NS_ASSERTIONS = NO;
				ENABLE_STRICT_OBJC_MSGSEND = YES;
				GCC_C_LANGUAGE_STANDARD = gnu11;
				GCC_NO_COMMON_BLOCKS = YES;
				GCC_WARN_64_TO_32_BIT_CONVERSION = YES;
				GCC_WARN_ABOUT_RETURN_TYPE = YES_ERROR;
				GCC_WARN_UNDECLARED_SELECTOR = YES;
				GCC_WARN_UNINITIALIZED_AUTOS = YES_AGGRESSIVE;
				GCC_WARN_UNUSED_FUNCTION = YES;
				GCC_WARN_UNUSED_VARIABLE = YES;
				IPHONEOS_DEPLOYMENT_TARGET = 11.0;
				MTL_ENABLE_DEBUG_INFO = NO;
				SDKROOT = iphoneos;
				VALIDATE_PRODUCT = YES;
			};
			name = Release;
		};
		569EA15F1FC195C500A7C8B8 /* Debug */ = {
			isa = XCBuildConfiguration;
			buildSettings = {
				ASSETCATALOG_COMPILER_APPICON_NAME = AppIcon;
				CODE_SIGN_STYLE = Automatic;
				INFOPLIST_FILE = thirdIOSApp/Info.plist;
				LD_RUNPATH_SEARCH_PATHS = "$(inherited) @executable_path/Frameworks";
				PRODUCT_BUNDLE_IDENTIFIER = thirdIOSApp;
				PRODUCT_NAME = "$(TARGET_NAME)";
				TARGETED_DEVICE_FAMILY = "1,2";
			};
			name = Debug;
		};
		569EA1601FC195C500A7C8B8 /* Release */ = {
			isa = XCBuildConfiguration;
			buildSettings = {
				ASSETCATALOG_COMPILER_APPICON_NAME = AppIcon;
				CODE_SIGN_STYLE = Automatic;
				INFOPLIST_FILE = thirdIOSApp/Info.plist;
				LD_RUNPATH_SEARCH_PATHS = "$(inherited) @executable_path/Frameworks";
				PRODUCT_BUNDLE_IDENTIFIER = thirdIOSApp;
				PRODUCT_NAME = "$(TARGET_NAME)";
				TARGETED_DEVICE_FAMILY = "1,2";
			};
			name = Release;
		};
		569EA1621FC195C500A7C8B8 /* Debug */ = {
			isa = XCBuildConfiguration;
			buildSettings = {
				BUNDLE_LOADER = "$(TEST_HOST)";
				CODE_SIGN_STYLE = Automatic;
				INFOPLIST_FILE = thirdIOSAppTests/Info.plist;
				LD_RUNPATH_SEARCH_PATHS = "$(inherited) @executable_path/Frameworks @loader_path/Frameworks";
				PRODUCT_BUNDLE_IDENTIFIER = a.thirdIOSAppTests;
				PRODUCT_NAME = "$(TARGET_NAME)";
				TARGETED_DEVICE_FAMILY = "1,2";
				TEST_HOST = "$(BUILT_PRODUCTS_DIR)/thirdIOSApp.app/thirdIOSApp";
			};
			name = Debug;
		};
		569EA1631FC195C500A7C8B8 /* Release */ = {
			isa = XCBuildConfiguration;
			buildSettings = {
				BUNDLE_LOADER = "$(TEST_HOST)";
				CODE_SIGN_STYLE = Automatic;
				INFOPLIST_FILE = thirdIOSAppTests/Info.plist;
				LD_RUNPATH_SEARCH_PATHS = "$(inherited) @executable_path/Frameworks @loader_path/Frameworks";
				PRODUCT_BUNDLE_IDENTIFIER = a.thirdIOSAppTests;
				PRODUCT_NAME = "$(TARGET_NAME)";
				TARGETED_DEVICE_FAMILY = "1,2";
				TEST_HOST = "$(BUILT_PRODUCTS_DIR)/thirdIOSApp.app/thirdIOSApp";
			};
			name = Release;
		};
		569EA1651FC195C500A7C8B8 /* Debug */ = {
			isa = XCBuildConfiguration;
			buildSettings = {
				CODE_SIGN_STYLE = Automatic;
				INFOPLIST_FILE = thirdIOSAppUITests/Info.plist;
				LD_RUNPATH_SEARCH_PATHS = "$(inherited) @executable_path/Frameworks @loader_path/Frameworks";
				PRODUCT_BUNDLE_IDENTIFIER = a.thirdIOSAppUITests;
				PRODUCT_NAME = "$(TARGET_NAME)";
				TARGETED_DEVICE_FAMILY = "1,2";
				TEST_TARGET_NAME = thirdIOSApp;
			};
			name = Debug;
		};
		569EA1661FC195C500A7C8B8 /* Release */ = {
			isa = XCBuildConfiguration;
			buildSettings = {
				CODE_SIGN_STYLE = Automatic;
				INFOPLIST_FILE = thirdIOSAppUITests/Info.plist;
				LD_RUNPATH_SEARCH_PATHS = "$(inherited) @executable_path/Frameworks @loader_path/Frameworks";
				PRODUCT_BUNDLE_IDENTIFIER = a.thirdIOSAppUITests;
				PRODUCT_NAME = "$(TARGET_NAME)";
				TARGETED_DEVICE_FAMILY = "1,2";
				TEST_TARGET_NAME = thirdIOSApp;
			};
			name = Release;
		};
/* End XCBuildConfiguration section */

/* Begin XCConfigurationList section */
		569EA12D1FC195C500A7C8B8 /* Build configuration list for PBXProject "thirdIOSApp" */ = {
			isa = XCConfigurationList;
			buildConfigurations = (
				569EA15C1FC195C500A7C8B8 /* Debug */,
				569EA15D1FC195C500A7C8B8 /* Release */,
			);
			defaultConfigurationIsVisible = 0;
			defaultConfigurationName = Release;
		};
		569EA15E1FC195C500A7C8B8 /* Build configuration list for PBXNativeTarget "thirdIOSApp" */ = {
			isa = XCConfigurationList;
			buildConfigurations = (
				569EA15F1FC195C500A7C8B8 /* Debug */,
				569EA1601FC195C500A7C8B8 /* Release */,
			);
			defaultConfigurationIsVisible = 0;
			defaultConfigurationName = Release;
		};
		569EA1611FC195C500A7C8B8 /* Build configuration list for PBXNativeTarget "thirdIOSAppTests" */ = {
			isa = XCConfigurationList;
			buildConfigurations = (
				569EA1621FC195C500A7C8B8 /* Debug */,
				569EA1631FC195C500A7C8B8 /* Release */,
			);
			defaultConfigurationIsVisible = 0;
			defaultConfigurationName = Release;
		};
		569EA1641FC195C500A7C8B8 /* Build configuration list for PBXNativeTarget "thirdIOSAppUITests" */ = {
			isa = XCConfigurationList;
			buildConfigurations = (
				569EA1651FC195C500A7C8B8 /* Debug */,
				569EA1661FC195C500A7C8B8 /* Release */,
			);
			defaultConfigurationIsVisible = 0;
			defaultConfigurationName = Release;
		};
/* End XCConfigurationList section */
	};
	rootObject = 569EA12A1FC195C500A7C8B8 /* Project object */;
}
